
Microsoft Visual Studio Solution File, Format Version 12.00
# Visual Studio Version 16
VisualStudioVersion = 16.0.28803.352
MinimumVisualStudioVersion = 10.0.40219.1
Project("{FAE04EC0-301F-11D3-BF4B-00C04F79EFBC}") = "CollectionViewTest.Android", "CollectionViewTest\CollectionViewTest.Android\CollectionViewTest.Android.csproj", "{E39EA090-89D5-41BF-91E4-5BDDC938A16A}"
EndProject
Project("{FAE04EC0-301F-11D3-BF4B-00C04F79EFBC}") = "CollectionViewTest.iOS", "CollectionViewTest\CollectionViewTest.iOS\CollectionViewTest.iOS.csproj", "{0683ED58-21E5-44F6-9BDD-DB23984A9B9D}"
EndProject
Project("{FAE04EC0-301F-11D3-BF4B-00C04F79EFBC}") = "CollectionViewTest", "CollectionViewTest\CollectionViewTest\CollectionViewTest.csproj", "{DFC64FBC-F6EE-4E58-9FD4-739C21FAD8AA}"
EndProject
Global
	GlobalSection(SolutionConfigurationPlatforms) = preSolution
		Debug|Any CPU = Debug|Any CPU
		Debug|iPhone = Debug|iPhone
		Debug|iPhoneSimulator = Debug|iPhoneSimulator
		Release|Any CPU = Release|Any CPU
		Release|iPhone = Release|iPhone
		Release|iPhoneSimulator = Release|iPhoneSimulator
	EndGlobalSection
	GlobalSection(ProjectConfigurationPlatforms) = postSolution
		{E39EA090-89D5-41BF-91E4-5BDDC938A16A}.Debug|Any CPU.ActiveCfg = Debug|Any CPU
		{E39EA090-89D5-41BF-91E4-5BDDC938A16A}.Debug|Any CPU.Build.0 = Debug|Any CPU
		{E39EA090-89D5-41BF-91E4-5BDDC938A16A}.Debug|Any CPU.Deploy.0 = Debug|Any CPU
		{E39EA090-89D5-41BF-91E4-5BDDC938A16A}.Debug|iPhone.ActiveCfg = Debug|Any CPU
		{E39EA090-89D5-41BF-91E4-5BDDC938A16A}.Debug|iPhone.Build.0 = Debug|Any CPU
		{E39EA090-89D5-41BF-91E4-5BDDC938A16A}.Debug|iPhone.Deploy.0 = Debug|Any CPU
		{E39EA090-89D5-41BF-91E4-5BDDC938A16A}.Debug|iPhoneSimulator.ActiveCfg = Debug|Any CPU
		{E39EA090-89D5-41BF-91E4-5BDDC938A16A}.Debug|iPhoneSimulator.Build.0 = Debug|Any CPU
		{E39EA090-89D5-41BF-91E4-5BDDC938A16A}.Debug|iPhoneSimulator.Deploy.0 = Debug|Any CPU
		{E39EA090-89D5-41BF-91E4-5BDDC938A16A}.Release|Any CPU.ActiveCfg = Release|Any CPU
		{E39EA090-89D5-41BF-91E4-5BDDC938A16A}.Release|Any CPU.Build.0 = Release|Any CPU
		{E39EA090-89D5-41BF-91E4-5BDDC938A16A}.Release|Any CPU.Deploy.0 = Release|Any CPU
		{E39EA090-89D5-41BF-91E4-5BDDC938A16A}.Release|iPhone.ActiveCfg = Release|Any CPU
		{E39EA090-89D5-41BF-91E4-5BDDC938A16A}.Release|iPhone.Build.0 = Release|Any CPU
		{E39EA090-89D5-41BF-91E4-5BDDC938A16A}.Release|iPhone.Deploy.0 = Release|Any CPU
		{E39EA090-89D5-41BF-91E4-5BDDC938A16A}.Release|iPhoneSimulator.ActiveCfg = Release|Any CPU
		{E39EA090-89D5-41BF-91E4-5BDDC938A16A}.Release|iPhoneSimulator.Build.0 = Release|Any CPU
		{E39EA090-89D5-41BF-91E4-5BDDC938A16A}.Release|iPhoneSimulator.Deploy.0 = Release|Any CPU
		{0683ED58-21E5-44F6-9BDD-DB23984A9B9D}.Debug|Any CPU.ActiveCfg = Debug|iPhoneSimulator
		{0683ED58-21E5-44F6-9BDD-DB23984A9B9D}.Debug|Any CPU.Build.0 = Debug|iPhoneSimulator
		{0683ED58-21E5-44F6-9BDD-DB23984A9B9D}.Debug|Any CPU.Deploy.0 = Debug|iPhoneSimulator
		{0683ED58-21E5-44F6-9BDD-DB23984A9B9D}.Debug|iPhone.ActiveCfg = Debug|iPhone
		{0683ED58-21E5-44F6-9BDD-DB23984A9B9D}.Debug|iPhone.Build.0 = Debug|iPhone
		{0683ED58-21E5-44F6-9BDD-DB23984A9B9D}.Debug|iPhone.Deploy.0 = Debug|iPhone
		{0683ED58-21E5-44F6-9BDD-DB23984A9B9D}.Debug|iPhoneSimulator.ActiveCfg = Debug|iPhoneSimulator
		{0683ED58-21E5-44F6-9BDD-DB23984A9B9D}.Debug|iPhoneSimulator.Build.0 = Debug|iPhoneSimulator
		{0683ED58-21E5-44F6-9BDD-DB23984A9B9D}.Debug|iPhoneSimulator.Deploy.0 = Debug|iPhoneSimulator
		{0683ED58-21E5-44F6-9BDD-DB23984A9B9D}.Release|Any CPU.ActiveCfg = Release|iPhone
		{0683ED58-21E5-44F6-9BDD-DB23984A9B9D}.Release|Any CPU.Build.0 = Release|iPhone
		{0683ED58-21E5-44F6-9BDD-DB23984A9B9D}.Release|Any CPU.Deploy.0 = Release|iPhone
		{0683ED58-21E5-44F6-9BDD-DB23984A9B9D}.Release|iPhone.ActiveCfg = Release|iPhone
		{0683ED58-21E5-44F6-9BDD-DB23984A9B9D}.Release|iPhone.Build.0 = Release|iPhone
		{0683ED58-21E5-44F6-9BDD-DB23984A9B9D}.Release|iPhone.Deploy.0 = Release|iPhone
		{0683ED58-21E5-44F6-9BDD-DB23984A9B9D}.Release|iPhoneSimulator.ActiveCfg = Release|iPhoneSimulator
		{0683ED58-21E5-44F6-9BDD-DB23984A9B9D}.Release|iPhoneSimulator.Build.0 = Release|iPhoneSimulator
		{0683ED58-21E5-44F6-9BDD-DB23984A9B9D}.Release|iPhoneSimulator.Deploy.0 = Release|iPhoneSimulator
		{DFC64FBC-F6EE-4E58-9FD4-739C21FAD8AA}.Debug|Any CPU.ActiveCfg = Debug|Any CPU
		{DFC64FBC-F6EE-4E58-9FD4-739C21FAD8AA}.Debug|Any CPU.Build.0 = Debug|Any CPU
		{DFC64FBC-F6EE-4E58-9FD4-739C21FAD8AA}.Debug|Any CPU.Deploy.0 = Debug|Any CPU
		{DFC64FBC-F6EE-4E58-9FD4-739C21FAD8AA}.Debug|iPhone.ActiveCfg = Debug|Any CPU
		{DFC64FBC-F6EE-4E58-9FD4-739C21FAD8AA}.Debug|iPhone.Build.0 = Debug|Any CPU
		{DFC64FBC-F6EE-4E58-9FD4-739C21FAD8AA}.Debug|iPhone.Deploy.0 = Debug|Any CPU
		{DFC64FBC-F6EE-4E58-9FD4-739C21FAD8AA}.Debug|iPhoneSimulator.ActiveCfg = Debug|Any CPU
		{DFC64FBC-F6EE-4E58-9FD4-739C21FAD8AA}.Debug|iPhoneSimulator.Build.0 = Debug|Any CPU
		{DFC64FBC-F6EE-4E58-9FD4-739C21FAD8AA}.Debug|iPhoneSimulator.Deploy.0 = Debug|Any CPU
		{DFC64FBC-F6EE-4E58-9FD4-739C21FAD8AA}.Release|Any CPU.ActiveCfg = Release|Any CPU
		{DFC64FBC-F6EE-4E58-9FD4-739C21FAD8AA}.Release|Any CPU.Build.0 = Release|Any CPU
		{DFC64FBC-F6EE-4E58-9FD4-739C21FAD8AA}.Release|Any CPU.Deploy.0 = Release|Any CPU
		{DFC64FBC-F6EE-4E58-9FD4-739C21FAD8AA}.Release|iPhone.ActiveCfg = Release|Any CPU
		{DFC64FBC-F6EE-4E58-9FD4-739C21FAD8AA}.Release|iPhone.Build.0 = Release|Any CPU
		{DFC64FBC-F6EE-4E58-9FD4-739C21FAD8AA}.Release|iPhone.Deploy.0 = Release|Any CPU
		{DFC64FBC-F6EE-4E58-9FD4-739C21FAD8AA}.Release|iPhoneSimulator.ActiveCfg = Release|Any CPU
		{DFC64FBC-F6EE-4E58-9FD4-739C21FAD8AA}.Release|iPhoneSimulator.Build.0 = Release|Any CPU
		{DFC64FBC-F6EE-4E58-9FD4-739C21FAD8AA}.Release|iPhoneSimulator.Deploy.0 = Release|Any CPU
	EndGlobalSection
	GlobalSection(SolutionProperties) = preSolution
		HideSolutionNode = FALSE
	EndGlobalSection
	GlobalSection(ExtensibilityGlobals) = postSolution
		SolutionGuid = {B8B3B7B5-83FD-4181-8689-A7CE4D75BBE1}
	EndGlobalSection
EndGlobal
